
Microsoft Visual Studio Solution File, Format Version 9.00
# Visual Studio 2005
Project("{8BC9CEB8-8B4A-11D0-8D11-00A0C91BC942}") = "crc_test1", "crc_test1\crc_test1.vcproj", "{0BA42B48-720B-4DDE-A250-982B2F9EEB7E}"
EndProject
Project("{8BC9CEB8-8B4A-11D0-8D11-00A0C91BC942}") = "parsegen", "parsegen\parsegen.vcproj", "{78E260CF-46F3-48F4-BEF3-ADFB39905506}"
EndProject
Global
	GlobalSection(SolutionConfigurationPlatforms) = preSolution
		Debug|Win32 = Debug|Win32
		Release|Win32 = Release|Win32
	EndGlobalSection
	GlobalSection(ProjectConfigurationPlatforms) = postSolution
		{0BA42B48-720B-4DDE-A250-982B2F9EEB7E}.Debug|Win32.ActiveCfg = Debug|Win32
		{0BA42B48-720B-4DDE-A250-982B2F9EEB7E}.Debug|Win32.Build.0 = Debug|Win32
		{0BA42B48-720B-4DDE-A250-982B2F9EEB7E}.Release|Win32.ActiveCfg = Release|Win32
		{0BA42B48-720B-4DDE-A250-982B2F9EEB7E}.Release|Win32.Build.0 = Release|Win32
		{78E260CF-46F3-48F4-BEF3-ADFB39905506}.Debug|Win32.ActiveCfg = Debug|Win32
		{78E260CF-46F3-48F4-BEF3-ADFB39905506}.Debug|Win32.Build.0 = Debug|Win32
		{78E260CF-46F3-48F4-BEF3-ADFB39905506}.Release|Win32.ActiveCfg = Release|Win32
		{78E260CF-46F3-48F4-BEF3-ADFB39905506}.Release|Win32.Build.0 = Release|Win32
	EndGlobalSection
	GlobalSection(SolutionProperties) = preSolution
		HideSolutionNode = FALSE
	EndGlobalSection
EndGlobal
